
Microsoft Visual Studio Solution File, Format Version 12.00
# Visual Studio Version 17
VisualStudioVersion = 17.12.35514.174 d17.12
MinimumVisualStudioVersion = 10.0.40219.1
Project("{FAE04EC0-301F-11D3-BF4B-00C04F79EFBC}") = "FloraApp", "FloraApp\FloraApp.csproj", "{1C145AF1-7EDE-4F8C-9C9E-C1ED42DD03B5}"
EndProject
Project("{FAE04EC0-301F-11D3-BF4B-00C04F79EFBC}") = "Core", "Core\Core.csproj", "{38A6BABD-1CCA-4226-AF9C-2804EDEF8DD5}"
EndProject
Project("{FAE04EC0-301F-11D3-BF4B-00C04F79EFBC}") = "Infrastructure", "Infrastructure\Infrastructure.csproj", "{9BDFA200-5750-4204-8705-EEE1594F0273}"
EndProject
Project("{FAE04EC0-301F-11D3-BF4B-00C04F79EFBC}") = "Tests", "Tests\Tests.csproj", "{5D17139A-9115-4BFD-BA96-3B59E27CC421}"
EndProject
Global
	GlobalSection(SolutionConfigurationPlatforms) = preSolution
		Debug|Any CPU = Debug|Any CPU
		Release|Any CPU = Release|Any CPU
	EndGlobalSection
	GlobalSection(ProjectConfigurationPlatforms) = postSolution
		{1C145AF1-7EDE-4F8C-9C9E-C1ED42DD03B5}.Debug|Any CPU.ActiveCfg = Debug|Any CPU
		{1C145AF1-7EDE-4F8C-9C9E-C1ED42DD03B5}.Debug|Any CPU.Build.0 = Debug|Any CPU
		{1C145AF1-7EDE-4F8C-9C9E-C1ED42DD03B5}.Debug|Any CPU.Deploy.0 = Debug|Any CPU
		{1C145AF1-7EDE-4F8C-9C9E-C1ED42DD03B5}.Release|Any CPU.ActiveCfg = Release|Any CPU
		{1C145AF1-7EDE-4F8C-9C9E-C1ED42DD03B5}.Release|Any CPU.Build.0 = Release|Any CPU
		{38A6BABD-1CCA-4226-AF9C-2804EDEF8DD5}.Debug|Any CPU.ActiveCfg = Debug|Any CPU
		{38A6BABD-1CCA-4226-AF9C-2804EDEF8DD5}.Debug|Any CPU.Build.0 = Debug|Any CPU
		{38A6BABD-1CCA-4226-AF9C-2804EDEF8DD5}.Release|Any CPU.ActiveCfg = Release|Any CPU
		{38A6BABD-1CCA-4226-AF9C-2804EDEF8DD5}.Release|Any CPU.Build.0 = Release|Any CPU
		{9BDFA200-5750-4204-8705-EEE1594F0273}.Debug|Any CPU.ActiveCfg = Debug|Any CPU
		{9BDFA200-5750-4204-8705-EEE1594F0273}.Debug|Any CPU.Build.0 = Debug|Any CPU
		{9BDFA200-5750-4204-8705-EEE1594F0273}.Release|Any CPU.ActiveCfg = Release|Any CPU
		{9BDFA200-5750-4204-8705-EEE1594F0273}.Release|Any CPU.Build.0 = Release|Any CPU
		{5D17139A-9115-4BFD-BA96-3B59E27CC421}.Debug|Any CPU.ActiveCfg = Debug|Any CPU
		{5D17139A-9115-4BFD-BA96-3B59E27CC421}.Debug|Any CPU.Build.0 = Debug|Any CPU
		{5D17139A-9115-4BFD-BA96-3B59E27CC421}.Release|Any CPU.ActiveCfg = Release|Any CPU
		{5D17139A-9115-4BFD-BA96-3B59E27CC421}.Release|Any CPU.Build.0 = Release|Any CPU
	EndGlobalSection
	GlobalSection(SolutionProperties) = preSolution
		HideSolutionNode = FALSE
	EndGlobalSection
EndGlobal
